
Microsoft Visual Studio Solution File, Format Version 12.00
# Visual Studio Version 17
VisualStudioVersion = 17.0.31903.59
MinimumVisualStudioVersion = 10.0.40219.1
Project("{2150E333-8FDC-42A3-9474-1A3956D46DE8}") = "src", "src", "{FC6CD504-08CF-46F3-AED7-0D26CD7686A9}"
EndProject
Project("{FAE04EC0-301F-11D3-BF4B-00C04F79EFBC}") = "AirCOM.Core", "src\AirCOM.Core\AirCOM.Core.csproj", "{BC291E12-2667-40E1-A6F4-7128556B9ECF}"
EndProject
Project("{FAE04EC0-301F-11D3-BF4B-00C04F79EFBC}") = "AirCOM.Client.A", "src\AirCOM.Client.A\AirCOM.Client.A.csproj", "{248EB44A-FE20-440A-B02E-13EC7ECCC989}"
EndProject
Project("{FAE04EC0-301F-11D3-BF4B-00C04F79EFBC}") = "AirCOM.Client.B", "src\AirCOM.Client.B\AirCOM.Client.B.csproj", "{8BA794DB-F432-4248-9267-412C3CDBF0D4}"
EndProject
Project("{FAE04EC0-301F-11D3-BF4B-00C04F79EFBC}") = "AirCOM.Server", "src\AirCOM.Server\AirCOM.Server.csproj", "{D8510057-5E05-4205-A240-8D9222BC9D65}"
EndProject
Project("{2150E333-8FDC-42A3-9474-1A3956D46DE8}") = "tests", "tests", "{C4A025B2-3005-457F-A564-AE1C92779F10}"
EndProject
Project("{FAE04EC0-301F-11D3-BF4B-00C04F79EFBC}") = "AirCOM.Core.Tests", "tests\AirCOM.Core.Tests\AirCOM.Core.Tests.csproj", "{E48BE036-1EDF-4CBE-8C80-EA7C7CD49C6E}"
EndProject
Project("{FAE04EC0-301F-11D3-BF4B-00C04F79EFBC}") = "AirCOM.EchoB", "src\AirCOM.EchoB\AirCOM.EchoB.csproj", "{A217D8DE-4E84-400E-A30B-0E135E8352E4}"
EndProject
Project("{FAE04EC0-301F-11D3-BF4B-00C04F79EFBC}") = "AirCOM.LoopbackTest", "tests\AirCOM.LoopbackTest\AirCOM.LoopbackTest.csproj", "{C61DDE3D-18F3-459A-97E0-5A49575DEAE0}"
EndProject
Project("{FAE04EC0-301F-11D3-BF4B-00C04F79EFBC}") = "AirCOM.App", "src\AirCOM.App\AirCOM.App.csproj", "{1C450CE9-765F-47A7-B1EA-09CD8733C7ED}"
EndProject
Global
	GlobalSection(SolutionConfigurationPlatforms) = preSolution
		Debug|Any CPU = Debug|Any CPU
		Release|Any CPU = Release|Any CPU
	EndGlobalSection
	GlobalSection(SolutionProperties) = preSolution
		HideSolutionNode = FALSE
	EndGlobalSection
	GlobalSection(ProjectConfigurationPlatforms) = postSolution
		{BC291E12-2667-40E1-A6F4-7128556B9ECF}.Debug|Any CPU.ActiveCfg = Debug|Any CPU
		{BC291E12-2667-40E1-A6F4-7128556B9ECF}.Debug|Any CPU.Build.0 = Debug|Any CPU
		{BC291E12-2667-40E1-A6F4-7128556B9ECF}.Release|Any CPU.ActiveCfg = Release|Any CPU
		{BC291E12-2667-40E1-A6F4-7128556B9ECF}.Release|Any CPU.Build.0 = Release|Any CPU
		{248EB44A-FE20-440A-B02E-13EC7ECCC989}.Debug|Any CPU.ActiveCfg = Debug|Any CPU
		{248EB44A-FE20-440A-B02E-13EC7ECCC989}.Debug|Any CPU.Build.0 = Debug|Any CPU
		{248EB44A-FE20-440A-B02E-13EC7ECCC989}.Release|Any CPU.ActiveCfg = Release|Any CPU
		{248EB44A-FE20-440A-B02E-13EC7ECCC989}.Release|Any CPU.Build.0 = Release|Any CPU
		{8BA794DB-F432-4248-9267-412C3CDBF0D4}.Debug|Any CPU.ActiveCfg = Debug|Any CPU
		{8BA794DB-F432-4248-9267-412C3CDBF0D4}.Debug|Any CPU.Build.0 = Debug|Any CPU
		{8BA794DB-F432-4248-9267-412C3CDBF0D4}.Release|Any CPU.ActiveCfg = Release|Any CPU
		{8BA794DB-F432-4248-9267-412C3CDBF0D4}.Release|Any CPU.Build.0 = Release|Any CPU
		{D8510057-5E05-4205-A240-8D9222BC9D65}.Debug|Any CPU.ActiveCfg = Debug|Any CPU
		{D8510057-5E05-4205-A240-8D9222BC9D65}.Debug|Any CPU.Build.0 = Debug|Any CPU
		{D8510057-5E05-4205-A240-8D9222BC9D65}.Release|Any CPU.ActiveCfg = Release|Any CPU
		{D8510057-5E05-4205-A240-8D9222BC9D65}.Release|Any CPU.Build.0 = Release|Any CPU
		{E48BE036-1EDF-4CBE-8C80-EA7C7CD49C6E}.Debug|Any CPU.ActiveCfg = Debug|Any CPU
		{E48BE036-1EDF-4CBE-8C80-EA7C7CD49C6E}.Debug|Any CPU.Build.0 = Debug|Any CPU
		{E48BE036-1EDF-4CBE-8C80-EA7C7CD49C6E}.Release|Any CPU.ActiveCfg = Release|Any CPU
		{E48BE036-1EDF-4CBE-8C80-EA7C7CD49C6E}.Release|Any CPU.Build.0 = Release|Any CPU
		{A217D8DE-4E84-400E-A30B-0E135E8352E4}.Debug|Any CPU.ActiveCfg = Debug|Any CPU
		{A217D8DE-4E84-400E-A30B-0E135E8352E4}.Debug|Any CPU.Build.0 = Debug|Any CPU
		{A217D8DE-4E84-400E-A30B-0E135E8352E4}.Release|Any CPU.ActiveCfg = Release|Any CPU
		{A217D8DE-4E84-400E-A30B-0E135E8352E4}.Release|Any CPU.Build.0 = Release|Any CPU
		{C61DDE3D-18F3-459A-97E0-5A49575DEAE0}.Debug|Any CPU.ActiveCfg = Debug|Any CPU
		{C61DDE3D-18F3-459A-97E0-5A49575DEAE0}.Debug|Any CPU.Build.0 = Debug|Any CPU
		{C61DDE3D-18F3-459A-97E0-5A49575DEAE0}.Release|Any CPU.ActiveCfg = Release|Any CPU
		{C61DDE3D-18F3-459A-97E0-5A49575DEAE0}.Release|Any CPU.Build.0 = Release|Any CPU
		{1C450CE9-765F-47A7-B1EA-09CD8733C7ED}.Debug|Any CPU.ActiveCfg = Debug|Any CPU
		{1C450CE9-765F-47A7-B1EA-09CD8733C7ED}.Debug|Any CPU.Build.0 = Debug|Any CPU
		{1C450CE9-765F-47A7-B1EA-09CD8733C7ED}.Release|Any CPU.ActiveCfg = Release|Any CPU
		{1C450CE9-765F-47A7-B1EA-09CD8733C7ED}.Release|Any CPU.Build.0 = Release|Any CPU
	EndGlobalSection
	GlobalSection(NestedProjects) = preSolution
		{BC291E12-2667-40E1-A6F4-7128556B9ECF} = {FC6CD504-08CF-46F3-AED7-0D26CD7686A9}
		{248EB44A-FE20-440A-B02E-13EC7ECCC989} = {FC6CD504-08CF-46F3-AED7-0D26CD7686A9}
		{8BA794DB-F432-4248-9267-412C3CDBF0D4} = {FC6CD504-08CF-46F3-AED7-0D26CD7686A9}
		{D8510057-5E05-4205-A240-8D9222BC9D65} = {FC6CD504-08CF-46F3-AED7-0D26CD7686A9}
		{E48BE036-1EDF-4CBE-8C80-EA7C7CD49C6E} = {C4A025B2-3005-457F-A564-AE1C92779F10}
		{A217D8DE-4E84-400E-A30B-0E135E8352E4} = {FC6CD504-08CF-46F3-AED7-0D26CD7686A9}
		{C61DDE3D-18F3-459A-97E0-5A49575DEAE0} = {C4A025B2-3005-457F-A564-AE1C92779F10}
		{1C450CE9-765F-47A7-B1EA-09CD8733C7ED} = {FC6CD504-08CF-46F3-AED7-0D26CD7686A9}
	EndGlobalSection
EndGlobal
